// !$*UTF8*$!
{
	archiveVersion = 1;
	classes = {
	};
	objectVersion = 46;
	objects = {

/* Begin PBXBuildFile section */
		EFD31667196A032000B7D8E3 /* AppDelegate.swift in Sources */ = {isa = PBXBuildFile; fileRef = EFD31666196A032000B7D8E3 /* AppDelegate.swift */; };
		EFD31669196A032000B7D8E3 /* FirstViewController.swift in Sources */ = {isa = PBXBuildFile; fileRef = EFD31668196A032000B7D8E3 /* FirstViewController.swift */; };
		EFD3166B196A032000B7D8E3 /* SecondViewController.swift in Sources */ = {isa = PBXBuildFile; fileRef = EFD3166A196A032000B7D8E3 /* SecondViewController.swift */; };
		EFD3166E196A032000B7D8E3 /* Main.storyboard in Resources */ = {isa = PBXBuildFile; fileRef = EFD3166C196A032000B7D8E3 /* Main.storyboard */; };
		EFD31670196A032000B7D8E3 /* Images.xcassets in Resources */ = {isa = PBXBuildFile; fileRef = EFD3166F196A032000B7D8E3 /* Images.xcassets */; };
		EFD3167C196A032000B7D8E3 /* My_Task_ListTests.swift in Sources */ = {isa = PBXBuildFile; fileRef = EFD3167B196A032000B7D8E3 /* My_Task_ListTests.swift */; };
		EFD31688196A043200B7D8E3 /* TaskManager.swift in Sources */ = {isa = PBXBuildFile; fileRef = EFD31687196A043200B7D8E3 /* TaskManager.swift */; };
/* End PBXBuildFile section */

/* Begin PBXContainerItemProxy section */
		EFD31676196A032000B7D8E3 /* PBXContainerItemProxy */ = {
			isa = PBXContainerItemProxy;
			containerPortal = EFD31659196A032000B7D8E3 /* Project object */;
			proxyType = 1;
			remoteGlobalIDString = EFD31660196A032000B7D8E3;
			remoteInfo = "My Task List";
		};
/* End PBXContainerItemProxy section */

/* Begin PBXFileReference section */
		EFD31661196A032000B7D8E3 /* My Task List.app */ = {isa = PBXFileReference; explicitFileType = wrapper.application; includeInIndex = 0; path = "My Task List.app"; sourceTree = BUILT_PRODUCTS_DIR; };
		EFD31665196A032000B7D8E3 /* Info.plist */ = {isa = PBXFileReference; lastKnownFileType = text.plist.xml; path = Info.plist; sourceTree = "<group>"; };
		EFD31666196A032000B7D8E3 /* AppDelegate.swift */ = {isa = PBXFileReference; lastKnownFileType = sourcecode.swift; path = AppDelegate.swift; sourceTree = "<group>"; };
		EFD31668196A032000B7D8E3 /* FirstViewController.swift */ = {isa = PBXFileReference; lastKnownFileType = sourcecode.swift; path = FirstViewController.swift; sourceTree = "<group>"; };
		EFD3166A196A032000B7D8E3 /* SecondViewController.swift */ = {isa = PBXFileReference; lastKnownFileType = sourcecode.swift; path = SecondViewController.swift; sourceTree = "<group>"; };
		EFD3166D196A032000B7D8E3 /* Base */ = {isa = PBXFileReference; lastKnownFileType = file.storyboard; name = Base; path = Base.lproj/Main.storyboard; sourceTree = "<group>"; };
		EFD3166F196A032000B7D8E3 /* Images.xcassets */ = {isa = PBXFileReference; lastKnownFileType = folder.assetcatalog; path = Images.xcassets; sourceTree = "<group>"; };
		EFD31675196A032000B7D8E3 /* My Task ListTests.xctest */ = {isa = PBXFileReference; explicitFileType = wrapper.cfbundle; includeInIndex = 0; path = "My Task ListTests.xctest"; sourceTree = BUILT_PRODUCTS_DIR; };
		EFD3167A196A032000B7D8E3 /* Info.plist */ = {isa = PBXFileReference; lastKnownFileType = text.plist.xml; path = Info.plist; sourceTree = "<group>"; };
		EFD3167B196A032000B7D8E3 /* My_Task_ListTests.swift */ = {isa = PBXFileReference; lastKnownFileType = sourcecode.swift; path = My_Task_ListTests.swift; sourceTree = "<group>"; };
		EFD31687196A043200B7D8E3 /* TaskManager.swift */ = {isa = PBXFileReference; fileEncoding = 4; lastKnownFileType = sourcecode.swift; path = TaskManager.swift; sourceTree = "<group>"; };
/* End PBXFileReference section */

/* Begin PBXFrameworksBuildPhase section */
		EFD3165E196A032000B7D8E3 /* Frameworks */ = {
			isa = PBXFrameworksBuildPhase;
			buildActionMask = 2147483647;
			files = (
			);
			runOnlyForDeploymentPostprocessing = 0;
		};
		EFD31672196A032000B7D8E3 /* Frameworks */ = {
			isa = PBXFrameworksBuildPhase;
			buildActionMask = 2147483647;
			files = (
			);
			runOnlyForDeploymentPostprocessing = 0;
		};
/* End PBXFrameworksBuildPhase section */

/* Begin PBXGroup section */
		EFD31658196A032000B7D8E3 = {
			isa = PBXGroup;
			children = (
				EFD31663196A032000B7D8E3 /* My Task List */,
				EFD31678196A032000B7D8E3 /* My Task ListTests */,
				EFD31662196A032000B7D8E3 /* Products */,
			);
			sourceTree = "<group>";
		};
		EFD31662196A032000B7D8E3 /* Products */ = {
			isa = PBXGroup;
			children = (
				EFD31661196A032000B7D8E3 /* My Task List.app */,
				EFD31675196A032000B7D8E3 /* My Task ListTests.xctest */,
			);
			name = Products;
			sourceTree = "<group>";
		};
		EFD31663196A032000B7D8E3 /* My Task List */ = {
			isa = PBXGroup;
			children = (
				EFD31687196A043200B7D8E3 /* TaskManager.swift */,
				EFD31666196A032000B7D8E3 /* AppDelegate.swift */,
				EFD31668196A032000B7D8E3 /* FirstViewController.swift */,
				EFD3166A196A032000B7D8E3 /* SecondViewController.swift */,
				EFD3166C196A032000B7D8E3 /* Main.storyboard */,
				EFD3166F196A032000B7D8E3 /* Images.xcassets */,
				EFD31664196A032000B7D8E3 /* Supporting Files */,
			);
			path = "My Task List";
			sourceTree = "<group>";
		};
		EFD31664196A032000B7D8E3 /* Supporting Files */ = {
			isa = PBXGroup;
			children = (
				EFD31665196A032000B7D8E3 /* Info.plist */,
			);
			name = "Supporting Files";
			sourceTree = "<group>";
		};
		EFD31678196A032000B7D8E3 /* My Task ListTests */ = {
			isa = PBXGroup;
			children = (
				EFD3167B196A032000B7D8E3 /* My_Task_ListTests.swift */,
				EFD31679196A032000B7D8E3 /* Supporting Files */,
			);
			path = "My Task ListTests";
			sourceTree = "<group>";
		};
		EFD31679196A032000B7D8E3 /* Supporting Files */ = {
			isa = PBXGroup;
			children = (
				EFD3167A196A032000B7D8E3 /* Info.plist */,
			);
			name = "Supporting Files";
			sourceTree = "<group>";
		};
/* End PBXGroup section */

/* Begin PBXNativeTarget section */
		EFD31660196A032000B7D8E3 /* My Task List */ = {
			isa = PBXNativeTarget;
			buildConfigurationList = EFD3167F196A032000B7D8E3 /* Build configuration list for PBXNativeTarget "My Task List" */;
			buildPhases = (
				EFD3165D196A032000B7D8E3 /* Sources */,
				EFD3165E196A032000B7D8E3 /* Frameworks */,
				EFD3165F196A032000B7D8E3 /* Resources */,
			);
			buildRules = (
			);
			dependencies = (
			);
			name = "My Task List";
			productName = "My Task List";
			productReference = EFD31661196A032000B7D8E3 /* My Task List.app */;
			productType = "com.apple.product-type.application";
		};
		EFD31674196A032000B7D8E3 /* My Task ListTests */ = {
			isa = PBXNativeTarget;
			buildConfigurationList = EFD31682196A032000B7D8E3 /* Build configuration list for PBXNativeTarget "My Task ListTests" */;
			buildPhases = (
				EFD31671196A032000B7D8E3 /* Sources */,
				EFD31672196A032000B7D8E3 /* Frameworks */,
				EFD31673196A032000B7D8E3 /* Resources */,
			);
			buildRules = (
			);
			dependencies = (
				EFD31677196A032000B7D8E3 /* PBXTargetDependency */,
			);
			name = "My Task ListTests";
			productName = "My Task ListTests";
			productReference = EFD31675196A032000B7D8E3 /* My Task ListTests.xctest */;
			productType = "com.apple.product-type.bundle.unit-test";
		};
/* End PBXNativeTarget section */

/* Begin PBXProject section */
		EFD31659196A032000B7D8E3 /* Project object */ = {
			isa = PBXProject;
			attributes = {
				LastUpgradeCheck = 0600;
				ORGANIZATIONNAME = ShawnCCHuang;
				TargetAttributes = {
					EFD31660196A032000B7D8E3 = {
						CreatedOnToolsVersion = 6.0;
					};
					EFD31674196A032000B7D8E3 = {
						CreatedOnToolsVersion = 6.0;
						TestTargetID = EFD31660196A032000B7D8E3;
					};
				};
			};
			buildConfigurationList = EFD3165C196A032000B7D8E3 /* Build configuration list for PBXProject "My Task List" */;
			compatibilityVersion = "Xcode 3.2";
			developmentRegion = English;
			hasScannedForEncodings = 0;
			knownRegions = (
				en,
				Base,
			);
			mainGroup = EFD31658196A032000B7D8E3;
			productRefGroup = EFD31662196A032000B7D8E3 /* Products */;
			projectDirPath = "";
			projectRoot = "";
			targets = (
				EFD31660196A032000B7D8E3 /* My Task List */,
				EFD31674196A032000B7D8E3 /* My Task ListTests */,
			);
		};
/* End PBXProject section */

/* Begin PBXResourcesBuildPhase section */
		EFD3165F196A032000B7D8E3 /* Resources */ = {
			isa = PBXResourcesBuildPhase;
			buildActionMask = 2147483647;
			files = (
				EFD3166E196A032000B7D8E3 /* Main.storyboard in Resources */,
				EFD31670196A032000B7D8E3 /* Images.xcassets in Resources */,
			);
			runOnlyForDeploymentPostprocessing = 0;
		};
		EFD31673196A032000B7D8E3 /* Resources */ = {
			isa = PBXResourcesBuildPhase;
			buildActionMask = 2147483647;
			files = (
			);
			runOnlyForDeploymentPostprocessing = 0;
		};
/* End PBXResourcesBuildPhase section */

/* Begin PBXSourcesBuildPhase section */
		EFD3165D196A032000B7D8E3 /* Sources */ = {
			isa = PBXSourcesBuildPhase;
			buildActionMask = 2147483647;
			files = (
				EFD3166B196A032000B7D8E3 /* SecondViewController.swift in Sources */,
				EFD31667196A032000B7D8E3 /* AppDelegate.swift in Sources */,
				EFD31688196A043200B7D8E3 /* TaskManager.swift in Sources */,
				EFD31669196A032000B7D8E3 /* FirstViewController.swift in Sources */,
			);
			runOnlyForDeploymentPostprocessing = 0;
		};
		EFD31671196A032000B7D8E3 /* Sources */ = {
			isa = PBXSourcesBuildPhase;
			buildActionMask = 2147483647;
			files = (
				EFD3167C196A032000B7D8E3 /* My_Task_ListTests.swift in Sources */,
			);
			runOnlyForDeploymentPostprocessing = 0;
		};
/* End PBXSourcesBuildPhase section */

/* Begin PBXTargetDependency section */
		EFD31677196A032000B7D8E3 /* PBXTargetDependency */ = {
			isa = PBXTargetDependency;
			target = EFD31660196A032000B7D8E3 /* My Task List */;
			targetProxy = EFD31676196A032000B7D8E3 /* PBXContainerItemProxy */;
		};
/* End PBXTargetDependency section */

/* Begin PBXVariantGroup section */
		EFD3166C196A032000B7D8E3 /* Main.storyboard */ = {
			isa = PBXVariantGroup;
			children = (
				EFD3166D196A032000B7D8E3 /* Base */,
			);
			name = Main.storyboard;
			sourceTree = "<group>";
		};
/* End PBXVariantGroup section */

/* Begin XCBuildConfiguration section */
		EFD3167D196A032000B7D8E3 /* Debug */ = {
			isa = XCBuildConfiguration;
			buildSettings = {
				ALWAYS_SEARCH_USER_PATHS = NO;
				CLANG_CXX_LANGUAGE_STANDARD = "gnu++0x";
				CLANG_CXX_LIBRARY = "libc++";
				CLANG_ENABLE_MODULES = YES;
				CLANG_ENABLE_OBJC_ARC = YES;
				CLANG_WARN_BOOL_CONVERSION = YES;
				CLANG_WARN_CONSTANT_CONVERSION = YES;
				CLANG_WARN_DIRECT_OBJC_ISA_USAGE = YES_ERROR;
				CLANG_WARN_EMPTY_BODY = YES;
				CLANG_WARN_ENUM_CONVERSION = YES;
				CLANG_WARN_INT_CONVERSION = YES;
				CLANG_WARN_OBJC_ROOT_CLASS = YES_ERROR;
				CLANG_WARN_UNREACHABLE_CODE = YES;
				CLANG_WARN__DUPLICATE_METHOD_MATCH = YES;
				"CODE_SIGN_IDENTITY[sdk=iphoneos*]" = "iPhone Developer";
				COPY_PHASE_STRIP = NO;
				ENABLE_STRICT_OBJC_MSGSEND = YES;
				GCC_C_LANGUAGE_STANDARD = gnu99;
				GCC_DYNAMIC_NO_PIC = NO;
				GCC_OPTIMIZATION_LEVEL = 0;
				GCC_PREPROCESSOR_DEFINITIONS = (
					"DEBUG=1",
					"$(inherited)",
				);
				GCC_SYMBOLS_PRIVATE_EXTERN = NO;
				GCC_WARN_64_TO_32_BIT_CONVERSION = YES;
				GCC_WARN_ABOUT_RETURN_TYPE = YES_ERROR;
				GCC_WARN_UNDECLARED_SELECTOR = YES;
				GCC_WARN_UNINITIALIZED_AUTOS = YES_AGGRESSIVE;
				GCC_WARN_UNUSED_FUNCTION = YES;
				GCC_WARN_UNUSED_VARIABLE = YES;
				IPHONEOS_DEPLOYMENT_TARGET = 8.0;
				METAL_ENABLE_DEBUG_INFO = YES;
				ONLY_ACTIVE_ARCH = YES;
				SDKROOT = iphoneos;
				SWIFT_OPTIMIZATION_LEVEL = "-Onone";
			};
			name = Debug;
		};
		EFD3167E196A032000B7D8E3 /* Release */ = {
			isa = XCBuildConfiguration;
			buildSettings = {
				ALWAYS_SEARCH_USER_PATHS = NO;
				CLANG_CXX_LANGUAGE_STANDARD = "gnu++0x";
				CLANG_CXX_LIBRARY = "libc++";
				CLANG_ENABLE_MODULES = YES;
				CLANG_ENABLE_OBJC_ARC = YES;
				CLANG_WARN_BOOL_CONVERSION = YES;
				CLANG_WARN_CONSTANT_CONVERSION = YES;
				CLANG_WARN_DIRECT_OBJC_ISA_USAGE = YES_ERROR;
				CLANG_WARN_EMPTY_BODY = YES;
				CLANG_WARN_ENUM_CONVERSION = YES;
				CLANG_WARN_INT_CONVERSION = YES;
				CLANG_WARN_OBJC_ROOT_CLASS = YES_ERROR;
				CLANG_WARN_UNREACHABLE_CODE = YES;
				CLANG_WARN__DUPLICATE_METHOD_MATCH = YES;
				"CODE_SIGN_IDENTITY[sdk=iphoneos*]" = "iPhone Developer";
				COPY_PHASE_STRIP = YES;
				ENABLE_NS_ASSERTIONS = NO;
				ENABLE_STRICT_OBJC_MSGSEND = YES;
				GCC_C_LANGUAGE_STANDARD = gnu99;
				GCC_WARN_64_TO_32_BIT_CONVERSION = YES;
				GCC_WARN_ABOUT_RETURN_TYPE = YES_ERROR;
				GCC_WARN_UNDECLARED_SELECTOR = YES;
				GCC_WARN_UNINITIALIZED_AUTOS = YES_AGGRESSIVE;
				GCC_WARN_UNUSED_FUNCTION = YES;
				GCC_WARN_UNUSED_VARIABLE = YES;
				IPHONEOS_DEPLOYMENT_TARGET = 8.0;
				METAL_ENABLE_DEBUG_INFO = NO;
				SDKROOT = iphoneos;
				VALIDATE_PRODUCT = YES;
			};
			name = Release;
		};
		EFD31680196A032000B7D8E3 /* Debug */ = {
			isa = XCBuildConfiguration;
			buildSettings = {
				ASSETCATALOG_COMPILER_APPICON_NAME = AppIcon;
				ASSETCATALOG_COMPILER_LAUNCHIMAGE_NAME = LaunchImage;
				INFOPLIST_FILE = "My Task List/Info.plist";
				LD_RUNPATH_SEARCH_PATHS = "$(inherited) @executable_path/Frameworks";
				PRODUCT_NAME = "$(TARGET_NAME)";
			};
			name = Debug;
		};
		EFD31681196A032000B7D8E3 /* Release */ = {
			isa = XCBuildConfiguration;
			buildSettings = {
				ASSETCATALOG_COMPILER_APPICON_NAME = AppIcon;
				ASSETCATALOG_COMPILER_LAUNCHIMAGE_NAME = LaunchImage;
				INFOPLIST_FILE = "My Task List/Info.plist";
				LD_RUNPATH_SEARCH_PATHS = "$(inherited) @executable_path/Frameworks";
				PRODUCT_NAME = "$(TARGET_NAME)";
			};
			name = Release;
		};
		EFD31683196A032000B7D8E3 /* Debug */ = {
			isa = XCBuildConfiguration;
			buildSettings = {
				BUNDLE_LOADER = "$(BUILT_PRODUCTS_DIR)/My Task List.app/My Task List";
				FRAMEWORK_SEARCH_PATHS = (
					"$(SDKROOT)/Developer/Library/Frameworks",
					"$(inherited)",
				);
				GCC_PREPROCESSOR_DEFINITIONS = (
					"DEBUG=1",
					"$(inherited)",
				);
				INFOPLIST_FILE = "My Task ListTests/Info.plist";
				LD_RUNPATH_SEARCH_PATHS = "$(inherited) @executable_path/Frameworks @loader_path/Frameworks";
				METAL_ENABLE_DEBUG_INFO = YES;
				PRODUCT_NAME = "$(TARGET_NAME)";
				TEST_HOST = "$(BUNDLE_LOADER)";
			};
			name = Debug;
		};
		EFD31684196A032000B7D8E3 /* Release */ = {
			isa = XCBuildConfiguration;
			buildSettings = {
				BUNDLE_LOADER = "$(BUILT_PRODUCTS_DIR)/My Task List.app/My Task List";
				FRAMEWORK_SEARCH_PATHS = (
					"$(SDKROOT)/Developer/Library/Frameworks",
					"$(inherited)",
				);
				INFOPLIST_FILE = "My Task ListTests/Info.plist";
				LD_RUNPATH_SEARCH_PATHS = "$(inherited) @executable_path/Frameworks @loader_path/Frameworks";
				METAL_ENABLE_DEBUG_INFO = NO;
				PRODUCT_NAME = "$(TARGET_NAME)";
				TEST_HOST = "$(BUNDLE_LOADER)";
			};
			name = Release;
		};
/* End XCBuildConfiguration section */

/* Begin XCConfigurationList section */
		EFD3165C196A032000B7D8E3 /* Build configuration list for PBXProject "My Task List" */ = {
			isa = XCConfigurationList;
			buildConfigurations = (
				EFD3167D196A032000B7D8E3 /* Debug */,
				EFD3167E196A032000B7D8E3 /* Release */,
			);
			defaultConfigurationIsVisible = 0;
			defaultConfigurationName = Release;
		};
		EFD3167F196A032000B7D8E3 /* Build configuration list for PBXNativeTarget "My Task List" */ = {
			isa = XCConfigurationList;
			buildConfigurations = (
				EFD31680196A032000B7D8E3 /* Debug */,
				EFD31681196A032000B7D8E3 /* Release */,
			);
			defaultConfigurationIsVisible = 0;
		};
		EFD31682196A032000B7D8E3 /* Build configuration list for PBXNativeTarget "My Task ListTests" */ = {
			isa = XCConfigurationList;
			buildConfigurations = (
				EFD31683196A032000B7D8E3 /* Debug */,
				EFD31684196A032000B7D8E3 /* Release */,
			);
			defaultConfigurationIsVisible = 0;
		};
/* End XCConfigurationList section */
	};
	rootObject = EFD31659196A032000B7D8E3 /* Project object */;
}
